
Microsoft Visual Studio Solution File, Format Version 12.00
# Visual Studio 14
VisualStudioVersion = 14.0.25123.0
MinimumVisualStudioVersion = 10.0.40219.1
Project("{FAE04EC0-301F-11D3-BF4B-00C04F79EFBC}") = "LogInScreenR", "LogInScreenR\LogInScreenR.csproj", "{93417E3F-D4F0-4EE1-B5F5-B8B39FF8F4E8}"
EndProject
Global
	GlobalSection(SolutionConfigurationPlatforms) = preSolution
		Debug|Any CPU = Debug|Any CPU
		Release|Any CPU = Release|Any CPU
	EndGlobalSection
	GlobalSection(ProjectConfigurationPlatforms) = postSolution
		{93417E3F-D4F0-4EE1-B5F5-B8B39FF8F4E8}.Debug|Any CPU.ActiveCfg = Debug|Any CPU
		{93417E3F-D4F0-4EE1-B5F5-B8B39FF8F4E8}.Debug|Any CPU.Build.0 = Debug|Any CPU
		{93417E3F-D4F0-4EE1-B5F5-B8B39FF8F4E8}.Debug|Any CPU.Deploy.0 = Debug|Any CPU
		{93417E3F-D4F0-4EE1-B5F5-B8B39FF8F4E8}.Release|Any CPU.ActiveCfg = Release|Any CPU
		{93417E3F-D4F0-4EE1-B5F5-B8B39FF8F4E8}.Release|Any CPU.Build.0 = Release|Any CPU
		{93417E3F-D4F0-4EE1-B5F5-B8B39FF8F4E8}.Release|Any CPU.Deploy.0 = Release|Any CPU
	EndGlobalSection
	GlobalSection(SolutionProperties) = preSolution
		HideSolutionNode = FALSE
	EndGlobalSection
	GlobalSection(TeamFoundationVersionControl) = preSolution
		SccNumberOfProjects = 2
		SccEnterpriseProvider = {4CA58AB2-18FA-4F8D-95D4-32DDF27D184C}
		SccTeamFoundationServer = https://thefellowshipofthree.visualstudio.com/
		SccProjectUniqueName0 = LogInScreenR\\LogInScreenR.csproj
		SccProjectName0 = LogInScreenR
		SccLocalPath0 = LogInScreenR
		SccLocalPath1 = .
	EndGlobalSection
EndGlobal
